
Microsoft Visual Studio Solution File, Format Version 12.00
Project("{FAE04EC0-301F-11D3-BF4B-00C04F79EFBC}") = "Api", "Api\Api.csproj", "{458C7BF0-5FD5-4E60-808D-10D0789F532B}"
EndProject
Project("{FAE04EC0-301F-11D3-BF4B-00C04F79EFBC}") = "Data", "Data\Data.csproj", "{2640E7F4-B687-47CC-820E-DE34424EAC47}"
EndProject
Project("{FAE04EC0-301F-11D3-BF4B-00C04F79EFBC}") = "Shared", "Shared\Shared.csproj", "{1106C34E-8C90-4989-819D-898E6422155C}"
EndProject
Global
	GlobalSection(SolutionConfigurationPlatforms) = preSolution
		Debug|Any CPU = Debug|Any CPU
		Release|Any CPU = Release|Any CPU
	EndGlobalSection
	GlobalSection(ProjectConfigurationPlatforms) = postSolution
		{458C7BF0-5FD5-4E60-808D-10D0789F532B}.Debug|Any CPU.ActiveCfg = Debug|Any CPU
		{458C7BF0-5FD5-4E60-808D-10D0789F532B}.Debug|Any CPU.Build.0 = Debug|Any CPU
		{458C7BF0-5FD5-4E60-808D-10D0789F532B}.Release|Any CPU.ActiveCfg = Release|Any CPU
		{458C7BF0-5FD5-4E60-808D-10D0789F532B}.Release|Any CPU.Build.0 = Release|Any CPU
		{2640E7F4-B687-47CC-820E-DE34424EAC47}.Debug|Any CPU.ActiveCfg = Debug|Any CPU
		{2640E7F4-B687-47CC-820E-DE34424EAC47}.Debug|Any CPU.Build.0 = Debug|Any CPU
		{2640E7F4-B687-47CC-820E-DE34424EAC47}.Release|Any CPU.ActiveCfg = Release|Any CPU
		{2640E7F4-B687-47CC-820E-DE34424EAC47}.Release|Any CPU.Build.0 = Release|Any CPU
		{1106C34E-8C90-4989-819D-898E6422155C}.Debug|Any CPU.ActiveCfg = Debug|Any CPU
		{1106C34E-8C90-4989-819D-898E6422155C}.Debug|Any CPU.Build.0 = Debug|Any CPU
		{1106C34E-8C90-4989-819D-898E6422155C}.Release|Any CPU.ActiveCfg = Release|Any CPU
		{1106C34E-8C90-4989-819D-898E6422155C}.Release|Any CPU.Build.0 = Release|Any CPU
	EndGlobalSection
EndGlobal
